
Microsoft Visual Studio Solution File, Format Version 12.00
# Visual Studio 15
VisualStudioVersion = 15.0.26730.12
MinimumVisualStudioVersion = 10.0.40219.1
Project("{9A19103F-16F7-4668-BE54-9A1E7A4F7556}") = "Mapper.Performance.Workbench", "Mapper.Performance.Workbench\Mapper.Performance.Workbench.csproj", "{218DFD86-F435-4EC6-8380-9045E36C008C}"
EndProject
Project("{9A19103F-16F7-4668-BE54-9A1E7A4F7556}") = "MyMapper.Performance.Tests", "MyMapper.Performance.Tests\MyMapper.Performance.Tests.csproj", "{FF09B46E-27B9-46D1-A398-87B0DF7A6F22}"
EndProject
Global
	GlobalSection(SolutionConfigurationPlatforms) = preSolution
		Debug|Any CPU = Debug|Any CPU
		Release|Any CPU = Release|Any CPU
	EndGlobalSection
	GlobalSection(ProjectConfigurationPlatforms) = postSolution
		{218DFD86-F435-4EC6-8380-9045E36C008C}.Debug|Any CPU.ActiveCfg = Debug|Any CPU
		{218DFD86-F435-4EC6-8380-9045E36C008C}.Debug|Any CPU.Build.0 = Debug|Any CPU
		{218DFD86-F435-4EC6-8380-9045E36C008C}.Release|Any CPU.ActiveCfg = Release|Any CPU
		{218DFD86-F435-4EC6-8380-9045E36C008C}.Release|Any CPU.Build.0 = Release|Any CPU
		{FF09B46E-27B9-46D1-A398-87B0DF7A6F22}.Debug|Any CPU.ActiveCfg = Debug|Any CPU
		{FF09B46E-27B9-46D1-A398-87B0DF7A6F22}.Debug|Any CPU.Build.0 = Debug|Any CPU
		{FF09B46E-27B9-46D1-A398-87B0DF7A6F22}.Release|Any CPU.ActiveCfg = Release|Any CPU
		{FF09B46E-27B9-46D1-A398-87B0DF7A6F22}.Release|Any CPU.Build.0 = Release|Any CPU
	EndGlobalSection
	GlobalSection(SolutionProperties) = preSolution
		HideSolutionNode = FALSE
	EndGlobalSection
	GlobalSection(ExtensibilityGlobals) = postSolution
		SolutionGuid = {EDE64144-9ADE-4262-840A-C86D9B493750}
	EndGlobalSection
EndGlobal
